speakeasyVersion: 1.600.2
sources:
    Rails PoC API:
        sourceNamespace: rails-po-c-api
        sourceRevisionDigest: sha256:894cf5619df918501a6b213e298706b12983937ffc86eb54a498a2f8bc27e7ca
        sourceBlobDigest: sha256:68c39d724ae7472a89c486017c0f481c19b18e7e4c5ff0f58ebab4a63cf7b5d7
        tags:
            - latest
            - speakeasy-sdk-regen-1752868306
            - 1.0.0
targets:
    rails:
        source: Rails PoC API
        sourceNamespace: rails-po-c-api
        sourceRevisionDigest: sha256:894cf5619df918501a6b213e298706b12983937ffc86eb54a498a2f8bc27e7ca
        sourceBlobDigest: sha256:68c39d724ae7472a89c486017c0f481c19b18e7e4c5ff0f58ebab4a63cf7b5d7
        codeSamplesNamespace: rails-po-c-api-typescript-code-samples
        codeSamplesRevisionDigest: sha256:482fbbd40dc64838b389e4d912ab5da984f5ba2ac173b166d1338388c4e47aee
workflow:
    workflowVersion: 1.0.0
    speakeasyVersion: latest
    sources:
        Rails PoC API:
            inputs:
                - location: https://raw.githubusercontent.com/sibabale/rails/main/poc/api/openapi.yaml
            registry:
                location: registry.speakeasyapi.dev/rails/poc/rails-po-c-api
    targets:
        rails:
            target: typescript
            source: Rails PoC API
            publish:
                npm:
                    token: $npm_token
            codeSamples:
                registry:
                    location: registry.speakeasyapi.dev/rails/poc/rails-po-c-api-typescript-code-samples
                labelOverride:
                    fixedValue: Typescript (SDK)
                blocking: false
