speakeasyVersion: 1.582.0
sources:
    Rails PoC API:
        sourceNamespace: rails-po-c-api
        sourceRevisionDigest: sha256:8c54501653a4cdcbcc3227d71a07702c5e2bc6920e7e9501ee0fb35b80ddfcb8
        sourceBlobDigest: sha256:0c0302d51dc934e0d4cb2ff21fc0c343a4646bdf26b9662342f1158d718a3332
        tags:
            - latest
            - speakeasy-sdk-regen-1752854460
            - 1.0.0
targets:
    rails:
        source: Rails PoC API
        sourceNamespace: rails-po-c-api
        sourceRevisionDigest: sha256:8c54501653a4cdcbcc3227d71a07702c5e2bc6920e7e9501ee0fb35b80ddfcb8
        sourceBlobDigest: sha256:0c0302d51dc934e0d4cb2ff21fc0c343a4646bdf26b9662342f1158d718a3332
        codeSamplesNamespace: rails-po-c-api-typescript-code-samples
        codeSamplesRevisionDigest: sha256:621e61d912d23459dec65a2592aa06350f83dc8345046c6f039faaccec27da2d
workflow:
    workflowVersion: 1.0.0
    speakeasyVersion: latest
    sources:
        Rails PoC API:
            inputs:
                - location: openapi.yaml
            output: .speakeasy/out.openapi.yaml
            registry:
                location: registry.speakeasyapi.dev/rails/poc/rails-po-c-api
    targets:
        rails:
            target: typescript
            source: Rails PoC API
            codeSamples:
                registry:
                    location: registry.speakeasyapi.dev/rails/poc/rails-po-c-api-typescript-code-samples
                labelOverride:
                    fixedValue: Typescript (SDK)
                blocking: false
